
Microsoft Visual Studio Solution File, Format Version 12.00
# Visual Studio Version 16
VisualStudioVersion = 16.0.30114.105
MinimumVisualStudioVersion = 10.0.40219.1
Project("{FAE04EC0-301F-11D3-BF4B-00C04F79EFBC}") = "API", "API\API.csproj", "{FF2D3DC2-0693-4904-AA20-F72452486894}"
EndProject
Project("{FAE04EC0-301F-11D3-BF4B-00C04F79EFBC}") = "Core", "Core\Core.csproj", "{635FF45F-9A05-4750-B70B-0EA581BA44C0}"
EndProject
Project("{FAE04EC0-301F-11D3-BF4B-00C04F79EFBC}") = "Infrastructure", "Infrastructure\Infrastructure.csproj", "{531299CC-4EB4-4D85-90B0-5149FDD1CF31}"
EndProject
Global
	GlobalSection(SolutionConfigurationPlatforms) = preSolution
		Debug|Any CPU = Debug|Any CPU
		Debug|x64 = Debug|x64
		Debug|x86 = Debug|x86
		Release|Any CPU = Release|Any CPU
		Release|x64 = Release|x64
		Release|x86 = Release|x86
	EndGlobalSection
	GlobalSection(SolutionProperties) = preSolution
		HideSolutionNode = FALSE
	EndGlobalSection
	GlobalSection(ProjectConfigurationPlatforms) = postSolution
		{FF2D3DC2-0693-4904-AA20-F72452486894}.Debug|Any CPU.ActiveCfg = Debug|Any CPU
		{FF2D3DC2-0693-4904-AA20-F72452486894}.Debug|Any CPU.Build.0 = Debug|Any CPU
		{FF2D3DC2-0693-4904-AA20-F72452486894}.Debug|x64.ActiveCfg = Debug|Any CPU
		{FF2D3DC2-0693-4904-AA20-F72452486894}.Debug|x64.Build.0 = Debug|Any CPU
		{FF2D3DC2-0693-4904-AA20-F72452486894}.Debug|x86.ActiveCfg = Debug|Any CPU
		{FF2D3DC2-0693-4904-AA20-F72452486894}.Debug|x86.Build.0 = Debug|Any CPU
		{FF2D3DC2-0693-4904-AA20-F72452486894}.Release|Any CPU.ActiveCfg = Release|Any CPU
		{FF2D3DC2-0693-4904-AA20-F72452486894}.Release|Any CPU.Build.0 = Release|Any CPU
		{FF2D3DC2-0693-4904-AA20-F72452486894}.Release|x64.ActiveCfg = Release|Any CPU
		{FF2D3DC2-0693-4904-AA20-F72452486894}.Release|x64.Build.0 = Release|Any CPU
		{FF2D3DC2-0693-4904-AA20-F72452486894}.Release|x86.ActiveCfg = Release|Any CPU
		{FF2D3DC2-0693-4904-AA20-F72452486894}.Release|x86.Build.0 = Release|Any CPU
		{635FF45F-9A05-4750-B70B-0EA581BA44C0}.Debug|Any CPU.ActiveCfg = Debug|Any CPU
		{635FF45F-9A05-4750-B70B-0EA581BA44C0}.Debug|Any CPU.Build.0 = Debug|Any CPU
		{635FF45F-9A05-4750-B70B-0EA581BA44C0}.Debug|x64.ActiveCfg = Debug|Any CPU
		{635FF45F-9A05-4750-B70B-0EA581BA44C0}.Debug|x64.Build.0 = Debug|Any CPU
		{635FF45F-9A05-4750-B70B-0EA581BA44C0}.Debug|x86.ActiveCfg = Debug|Any CPU
		{635FF45F-9A05-4750-B70B-0EA581BA44C0}.Debug|x86.Build.0 = Debug|Any CPU
		{635FF45F-9A05-4750-B70B-0EA581BA44C0}.Release|Any CPU.ActiveCfg = Release|Any CPU
		{635FF45F-9A05-4750-B70B-0EA581BA44C0}.Release|Any CPU.Build.0 = Release|Any CPU
		{635FF45F-9A05-4750-B70B-0EA581BA44C0}.Release|x64.ActiveCfg = Release|Any CPU
		{635FF45F-9A05-4750-B70B-0EA581BA44C0}.Release|x64.Build.0 = Release|Any CPU
		{635FF45F-9A05-4750-B70B-0EA581BA44C0}.Release|x86.ActiveCfg = Release|Any CPU
		{635FF45F-9A05-4750-B70B-0EA581BA44C0}.Release|x86.Build.0 = Release|Any CPU
		{531299CC-4EB4-4D85-90B0-5149FDD1CF31}.Debug|Any CPU.ActiveCfg = Debug|Any CPU
		{531299CC-4EB4-4D85-90B0-5149FDD1CF31}.Debug|Any CPU.Build.0 = Debug|Any CPU
		{531299CC-4EB4-4D85-90B0-5149FDD1CF31}.Debug|x64.ActiveCfg = Debug|Any CPU
		{531299CC-4EB4-4D85-90B0-5149FDD1CF31}.Debug|x64.Build.0 = Debug|Any CPU
		{531299CC-4EB4-4D85-90B0-5149FDD1CF31}.Debug|x86.ActiveCfg = Debug|Any CPU
		{531299CC-4EB4-4D85-90B0-5149FDD1CF31}.Debug|x86.Build.0 = Debug|Any CPU
		{531299CC-4EB4-4D85-90B0-5149FDD1CF31}.Release|Any CPU.ActiveCfg = Release|Any CPU
		{531299CC-4EB4-4D85-90B0-5149FDD1CF31}.Release|Any CPU.Build.0 = Release|Any CPU
		{531299CC-4EB4-4D85-90B0-5149FDD1CF31}.Release|x64.ActiveCfg = Release|Any CPU
		{531299CC-4EB4-4D85-90B0-5149FDD1CF31}.Release|x64.Build.0 = Release|Any CPU
		{531299CC-4EB4-4D85-90B0-5149FDD1CF31}.Release|x86.ActiveCfg = Release|Any CPU
		{531299CC-4EB4-4D85-90B0-5149FDD1CF31}.Release|x86.Build.0 = Release|Any CPU
	EndGlobalSection
EndGlobal
